<?xml version="1.0" encoding="utf-8"?>
<Project ToolsVersion="4.0" xmlns="http://schemas.microsoft.com/developer/msbuild/2003">
  <ItemGroup>
    <Filter Include="Исходные файлы">
      <UniqueIdentifier>{4FC737F1-C7A5-4376-A066-2A32D752A2FF}</UniqueIdentifier>
      <Extensions>cpp;c;cc;cxx;c++;cppm;ixx;def;odl;idl;hpj;bat;asm;asmx</Extensions>
    </Filter>
    <Filter Include="Файлы заголовков">
      <UniqueIdentifier>{93995380-89BD-4b04-88EB-625FBE52EBFB}</UniqueIdentifier>
      <Extensions>h;hh;hpp;hxx;h++;hm;inl;inc;ipp;xsd</Extensions>
    </Filter>
    <Filter Include="Файлы ресурсов">
      <UniqueIdentifier>{67DA6AB6-F800-4c08-8B7A-83BB121AAD01}</UniqueIdentifier>
      <Extensions>rc;ico;cur;bmp;dlg;rc2;rct;bin;rgs;gif;jpg;jpeg;jpe;resx;tiff;tif;png;wav;mfcribbon-ms</Extensions>
    </Filter>
    <Filter Include="Файлы заголовков\UI">
      <UniqueIdentifier>{8487ab3e-9770-473f-8664-df4e5d499fe3}</UniqueIdentifier>
    </Filter>
    <Filter Include="Файлы заголовков\Backend">
      <UniqueIdentifier>{c8a02947-5346-4e50-8e33-136cc2945c65}</UniqueIdentifier>
    </Filter>
    <Filter Include="Файлы заголовков\UI\Menus">
      <UniqueIdentifier>{cae29a7a-b2d6-4f37-9414-b13deb482f25}</UniqueIdentifier>
    </Filter>
    <Filter Include="Файлы заголовков\UI\Components">
      <UniqueIdentifier>{b346f951-6cef-495a-a381-dcac2416c510}</UniqueIdentifier>
    </Filter>
    <Filter Include="Файлы заголовков\UI\Interfaces">
      <UniqueIdentifier>{eda9152f-a158-4b21-b921-4e61a898bf51}</UniqueIdentifier>
    </Filter>
    <Filter Include="Файлы заголовков\Backend\Models">
      <UniqueIdentifier>{7e067b7b-d53c-44ff-9544-dc7d8b6951f0}</UniqueIdentifier>
    </Filter>
    <Filter Include="Файлы заголовков\Backend\Controllers">
      <UniqueIdentifier>{335e69e2-b931-45cf-a5d3-317f012dc142}</UniqueIdentifier>
    </Filter>
    <Filter Include="Файлы заголовков\Backend\Repositories">
      <UniqueIdentifier>{fe8f5b4d-b58a-49a9-9fee-bbe32c80e31f}</UniqueIdentifier>
    </Filter>
    <Filter Include="Файлы заголовков\Backend\Interfaces">
      <UniqueIdentifier>{ab99768a-fcd5-4051-91f6-e2dbed92b355}</UniqueIdentifier>
    </Filter>
    <Filter Include="Файлы заголовков\Backend\Services">
      <UniqueIdentifier>{18ab0234-61ca-4d94-bd7a-33f0d54ea524}</UniqueIdentifier>
    </Filter>
    <Filter Include="Файлы заголовков\Backend\sqlite">
      <UniqueIdentifier>{9c958bb3-b3eb-4490-b443-518eae4a47af}</UniqueIdentifier>
    </Filter>
  </ItemGroup>
  <ItemGroup>
    <None Include="packages.config" />
  </ItemGroup>
  <ItemGroup>
    <ClInclude Include="AtmManager.h">
      <Filter>Файлы заголовков\UI</Filter>
    </ClInclude>
    <ClInclude Include="Assets.h">
      <Filter>Файлы заголовков\UI</Filter>
    </ClInclude>
    <ClInclude Include="EnterCardMenu.h">
      <Filter>Файлы заголовков\UI\Menus</Filter>
    </ClInclude>
    <ClInclude Include="EnterPinMenu.h">
      <Filter>Файлы заголовков\UI\Menus</Filter>
    </ClInclude>
    <ClInclude Include="MainMenu.h">
      <Filter>Файлы заголовков\UI\Menus</Filter>
    </ClInclude>
    <ClInclude Include="StartMenu.h">
      <Filter>Файлы заголовков\UI\Menus</Filter>
    </ClInclude>
    <ClInclude Include="TextBox.h">
      <Filter>Файлы заголовков\UI\Components</Filter>
    </ClInclude>
    <ClInclude Include="TextArea.h">
      <Filter>Файлы заголовков\UI\Components</Filter>
    </ClInclude>
    <ClInclude Include="Button.h">
      <Filter>Файлы заголовков\UI\Components</Filter>
    </ClInclude>
    <ClInclude Include="Activatable.h">
      <Filter>Файлы заголовков\UI\Interfaces</Filter>
    </ClInclude>
    <ClInclude Include="Visible.h">
      <Filter>Файлы заголовков\UI\Interfaces</Filter>
    </ClInclude>
    <ClInclude Include="Menu.h">
      <Filter>Файлы заголовков\UI\Interfaces</Filter>
    </ClInclude>
    <ClInclude Include="Atm.h">
      <Filter>Файлы заголовков\Backend\Models</Filter>
    </ClInclude>
    <ClInclude Include="BankCard.h">
      <Filter>Файлы заголовков\Backend\Models</Filter>
    </ClInclude>
    <ClInclude Include="Bankr.h">
      <Filter>Файлы заголовков\Backend\Models</Filter>
    </ClInclude>
    <ClInclude Include="Customer.h">
      <Filter>Файлы заголовков\Backend\Models</Filter>
    </ClInclude>
    <ClInclude Include="Processing.h">
      <Filter>Файлы заголовков\Backend\Models</Filter>
    </ClInclude>
    <ClInclude Include="Transaction.h">
      <Filter>Файлы заголовков\Backend\Models</Filter>
    </ClInclude>
    <ClInclude Include="Controller.h">
      <Filter>Файлы заголовков\Backend\Interfaces</Filter>
    </ClInclude>
    <ClInclude Include="EnterPinController.h">
      <Filter>Файлы заголовков\Backend\Controllers</Filter>
    </ClInclude>
    <ClInclude Include="EnterCardController.h">
      <Filter>Файлы заголовков\Backend\Controllers</Filter>
    </ClInclude>
    <ClInclude Include="StartMenuController.h">
      <Filter>Файлы заголовков\Backend\Controllers</Filter>
    </ClInclude>
    <ClInclude Include="MainMenuController.h">
      <Filter>Файлы заголовков\Backend\Controllers</Filter>
    </ClInclude>
    <ClInclude Include="sqlite3.h">
      <Filter>Файлы заголовков\Backend\sqlite</Filter>
    </ClInclude>
    <ClInclude Include="sqlite3ext.h">
      <Filter>Файлы заголовков\Backend\sqlite</Filter>
    </ClInclude>
    <ClInclude Include="CardService.h">
      <Filter>Файлы заголовков\Backend\Services</Filter>
    </ClInclude>
    <ClInclude Include="TransactionService.h">
      <Filter>Файлы заголовков\Backend\Services</Filter>
    </ClInclude>
    <ClInclude Include="CardRepository.h">
      <Filter>Файлы заголовков\Backend\Repositories</Filter>
    </ClInclude>
    <ClInclude Include="TransactionRepository.h">
      <Filter>Файлы заголовков\Backend\Repositories</Filter>
    </ClInclude>
    <ClInclude Include="BalanceMenu.h">
      <Filter>Файлы заголовков\UI\Menus</Filter>
    </ClInclude>
    <ClInclude Include="BalanceMenuController.h">
      <Filter>Файлы заголовков\Backend\Controllers</Filter>
    </ClInclude>
    <ClInclude Include="PutCashMenu.h">
      <Filter>Файлы заголовков\UI\Menus</Filter>
    </ClInclude>
    <ClInclude Include="PutCashMenuController.h">
      <Filter>Файлы заголовков\Backend\Controllers</Filter>
    </ClInclude>
    <ClInclude Include="GetCashMenu.h">
      <Filter>Файлы заголовков\UI\Menus</Filter>
    </ClInclude>
    <ClInclude Include="GetCashMenuController.h">
      <Filter>Файлы заголовков\Backend\Controllers</Filter>
    </ClInclude>
    <ClInclude Include="TransferMenu.h">
      <Filter>Файлы заголовков\UI\Menus</Filter>
    </ClInclude>
    <ClInclude Include="TransferController.h">
      <Filter>Файлы заголовков\Backend\Controllers</Filter>
    </ClInclude>
    <ClInclude Include="TransactionsListView.h">
      <Filter>Файлы заголовков\UI\Components</Filter>
    </ClInclude>
    <ClInclude Include="TransactionsMenu.h">
      <Filter>Файлы заголовков\UI\Menus</Filter>
    </ClInclude>
    <ClInclude Include="TransactionsMenuController.h">
      <Filter>Файлы заголовков\Backend\Controllers</Filter>
    </ClInclude>
  </ItemGroup>
  <ItemGroup>
    <ClCompile Include="main.cpp">
      <Filter>Исходные файлы</Filter>
    </ClCompile>
    <ClCompile Include="sqlite3.c">
      <Filter>Файлы заголовков\Backend\sqlite</Filter>
    </ClCompile>
  </ItemGroup>
</Project>